
Microsoft Visual Studio Solution File, Format Version 12.00
# Visual Studio Version 16
VisualStudioVersion = 16.0.30225.117
MinimumVisualStudioVersion = 10.0.40219.1
Project("{FAE04EC0-301F-11D3-BF4B-00C04F79EFBC}") = "ShowRoomCode", "ShowRoomCode\ShowRoomCode.csproj", "{69860D73-2168-483D-A870-65630E2BFB82}"
EndProject
Global
	GlobalSection(SolutionConfigurationPlatforms) = preSolution
		Debug|Any CPU = Debug|Any CPU
		Release|Any CPU = Release|Any CPU
	EndGlobalSection
	GlobalSection(ProjectConfigurationPlatforms) = postSolution
		{69860D73-2168-483D-A870-65630E2BFB82}.Debug|Any CPU.ActiveCfg = Debug|Any CPU
		{69860D73-2168-483D-A870-65630E2BFB82}.Debug|Any CPU.Build.0 = Debug|Any CPU
		{69860D73-2168-483D-A870-65630E2BFB82}.Release|Any CPU.ActiveCfg = Release|Any CPU
		{69860D73-2168-483D-A870-65630E2BFB82}.Release|Any CPU.Build.0 = Release|Any CPU
	EndGlobalSection
	GlobalSection(SolutionProperties) = preSolution
		HideSolutionNode = FALSE
	EndGlobalSection
	GlobalSection(ExtensibilityGlobals) = postSolution
		SolutionGuid = {6BCC46E2-D5E2-48D5-BAE0-5762372FAFDA}
	EndGlobalSection
EndGlobal
